
Microsoft Visual Studio Solution File, Format Version 12.00
# Visual Studio Version 17
VisualStudioVersion = 17.9.34622.214
MinimumVisualStudioVersion = 10.0.40219.1
Project("{FAE04EC0-301F-11D3-BF4B-00C04F79EFBC}") = "Izpitvane27.03.2024", "Izpitvane27.03.2024.csproj", "{9CF01498-4D1C-4FDA-BC6E-A35284E18508}"
EndProject
Global
	GlobalSection(SolutionConfigurationPlatforms) = preSolution
		Debug|Any CPU = Debug|Any CPU
		Release|Any CPU = Release|Any CPU
	EndGlobalSection
	GlobalSection(ProjectConfigurationPlatforms) = postSolution
		{9CF01498-4D1C-4FDA-BC6E-A35284E18508}.Debug|Any CPU.ActiveCfg = Debug|Any CPU
		{9CF01498-4D1C-4FDA-BC6E-A35284E18508}.Debug|Any CPU.Build.0 = Debug|Any CPU
		{9CF01498-4D1C-4FDA-BC6E-A35284E18508}.Release|Any CPU.ActiveCfg = Release|Any CPU
		{9CF01498-4D1C-4FDA-BC6E-A35284E18508}.Release|Any CPU.Build.0 = Release|Any CPU
	EndGlobalSection
	GlobalSection(SolutionProperties) = preSolution
		HideSolutionNode = FALSE
	EndGlobalSection
	GlobalSection(ExtensibilityGlobals) = postSolution
		SolutionGuid = {B90D50E1-AF95-4142-B232-199823D01C74}
	EndGlobalSection
EndGlobal
